
Microsoft Visual Studio Solution File, Format Version 12.00
# Visual Studio Version 16
VisualStudioVersion = 16.0.29509.3
MinimumVisualStudioVersion = 10.0.40219.1
Project("{FAE04EC0-301F-11D3-BF4B-00C04F79EFBC}") = "Tema06", "Tema06\Tema06.csproj", "{D6487A47-7B1B-4F43-909F-473F920A2077}"
EndProject
Global
	GlobalSection(SolutionConfigurationPlatforms) = preSolution
		Debug|Any CPU = Debug|Any CPU
		Release|Any CPU = Release|Any CPU
	EndGlobalSection
	GlobalSection(ProjectConfigurationPlatforms) = postSolution
		{D6487A47-7B1B-4F43-909F-473F920A2077}.Debug|Any CPU.ActiveCfg = Debug|Any CPU
		{D6487A47-7B1B-4F43-909F-473F920A2077}.Debug|Any CPU.Build.0 = Debug|Any CPU
		{D6487A47-7B1B-4F43-909F-473F920A2077}.Release|Any CPU.ActiveCfg = Release|Any CPU
		{D6487A47-7B1B-4F43-909F-473F920A2077}.Release|Any CPU.Build.0 = Release|Any CPU
	EndGlobalSection
	GlobalSection(SolutionProperties) = preSolution
		HideSolutionNode = FALSE
	EndGlobalSection
	GlobalSection(ExtensibilityGlobals) = postSolution
		SolutionGuid = {646C212D-9486-47BD-ACFF-B4FF40CFE508}
	EndGlobalSection
EndGlobal
